<?xml version="1.0" encoding="utf-8"?>
<Project ToolsVersion="4.0" xmlns="http://schemas.microsoft.com/developer/msbuild/2003">
  <ItemGroup>
    <Filter Include="Source Files">
      <UniqueIdentifier>{4FC737F1-C7A5-4376-A066-2A32D752A2FF}</UniqueIdentifier>
      <Extensions>cpp;c;cc;cxx;def;odl;idl;hpj;bat;asm;asmx</Extensions>
    </Filter>
    <Filter Include="Header Files">
      <UniqueIdentifier>{93995380-89BD-4b04-88EB-625FBE52EBFB}</UniqueIdentifier>
      <Extensions>h;hh;hpp;hxx;hm;inl;inc;xsd</Extensions>
    </Filter>
    <Filter Include="Components">
      <UniqueIdentifier>{c16c7a5d-647c-45b6-baca-94413367c2fe}</UniqueIdentifier>
    </Filter>
    <Filter Include="Managers">
      <UniqueIdentifier>{12229ec6-84d7-4e88-af9a-591d301b3e89}</UniqueIdentifier>
    </Filter>
    <Filter Include="DigDug">
      <UniqueIdentifier>{8336a308-cc48-44f5-9132-32a124691f2b}</UniqueIdentifier>
    </Filter>
    <Filter Include="DigDug\Scenes">
      <UniqueIdentifier>{18e8b596-dc3f-47c7-9716-b5380ca4f95b}</UniqueIdentifier>
    </Filter>
    <Filter Include="DigDug\Resource Files">
      <UniqueIdentifier>{67DA6AB6-F800-4c08-8B7A-83BB121AAD01}</UniqueIdentifier>
      <Extensions>rc;ico;cur;bmp;dlg;rc2;rct;bin;rgs;gif;jpg;jpeg;jpe;resx;tiff;tif;png;wav;mfcribbon-ms</Extensions>
    </Filter>
    <Filter Include="Core">
      <UniqueIdentifier>{4b069db4-4aff-4300-bf20-0cbff377cc24}</UniqueIdentifier>
    </Filter>
    <Filter Include="Objects">
      <UniqueIdentifier>{90ae5e42-7486-483e-99b5-64f5b716d4a4}</UniqueIdentifier>
    </Filter>
    <Filter Include="graphics">
      <UniqueIdentifier>{957f785e-2005-4edd-b997-8ccffeeeba8a}</UniqueIdentifier>
    </Filter>
    <Filter Include="Collision">
      <UniqueIdentifier>{b26ba4a5-2bb6-4fe3-a9ef-f6db52347b07}</UniqueIdentifier>
    </Filter>
    <Filter Include="Observer">
      <UniqueIdentifier>{0f521186-dcc6-43cf-b42d-b06b1139d254}</UniqueIdentifier>
    </Filter>
    <Filter Include="Scene">
      <UniqueIdentifier>{39890b21-0bd7-4868-b01d-8d359d750a65}</UniqueIdentifier>
    </Filter>
  </ItemGroup>
  <ItemGroup>
    <ClInclude Include="targetver.h">
      <Filter>Header Files</Filter>
    </ClInclude>
    <ClInclude Include="Log.h">
      <Filter>Header Files</Filter>
    </ClInclude>
    <ClInclude Include="Singleton.h">
      <Filter>Header Files</Filter>
    </ClInclude>
    <ClInclude Include="Scene.h">
      <Filter>Header Files</Filter>
    </ClInclude>
    <ClInclude Include="Font.h">
      <Filter>Header Files</Filter>
    </ClInclude>
    <ClInclude Include="Command.h">
      <Filter>Header Files</Filter>
    </ClInclude>
    <ClInclude Include="FPSComponent.h">
      <Filter>Components</Filter>
    </ClInclude>
    <ClInclude Include="BaseComponent.h">
      <Filter>Components</Filter>
    </ClInclude>
    <ClInclude Include="TextRendererComponent.h">
      <Filter>Components</Filter>
    </ClInclude>
    <ClInclude Include="ResourceManager.h">
      <Filter>Managers</Filter>
    </ClInclude>
    <ClInclude Include="SceneManager.h">
      <Filter>Managers</Filter>
    </ClInclude>
    <ClInclude Include="InputManager.h">
      <Filter>Managers</Filter>
    </ClInclude>
    <ClInclude Include="SpriteComponent.h">
      <Filter>Components</Filter>
    </ClInclude>
    <ClInclude Include="InputComponent.h">
      <Filter>Components</Filter>
    </ClInclude>
    <ClInclude Include="BaseCharacterComponent.h">
      <Filter>Components</Filter>
    </ClInclude>
    <ClInclude Include="GridComponent.h">
      <Filter>Components</Filter>
    </ClInclude>
    <ClInclude Include="DaeVector2.h">
      <Filter>Header Files</Filter>
    </ClInclude>
    <ClInclude Include="Minigin.h">
      <Filter>Core</Filter>
    </ClInclude>
    <ClInclude Include="MiniginPCH.h">
      <Filter>Core</Filter>
    </ClInclude>
    <ClInclude Include="GameObject.h">
      <Filter>Objects</Filter>
    </ClInclude>
    <ClInclude Include="LevelObject.h">
      <Filter>Objects</Filter>
    </ClInclude>
    <ClInclude Include="SceneObject.h">
      <Filter>Objects</Filter>
    </ClInclude>
    <ClInclude Include="Transform.h">
      <Filter>graphics</Filter>
    </ClInclude>
    <ClInclude Include="Texture2D.h">
      <Filter>graphics</Filter>
    </ClInclude>
    <ClInclude Include="Sprite.h">
      <Filter>graphics</Filter>
    </ClInclude>
    <ClInclude Include="Renderer.h">
      <Filter>graphics</Filter>
    </ClInclude>
    <ClInclude Include="TextObject.h">
      <Filter>Objects</Filter>
    </ClInclude>
    <ClInclude Include="CollisionManager.h">
      <Filter>Collision</Filter>
    </ClInclude>
    <ClInclude Include="CollisionObject.h">
      <Filter>Collision</Filter>
    </ClInclude>
    <ClInclude Include="CollsionBox.h">
      <Filter>Collision</Filter>
    </ClInclude>
    <ClInclude Include="CollisionComponent.h">
      <Filter>Collision</Filter>
    </ClInclude>
    <ClInclude Include="Observer.h">
      <Filter>Observer</Filter>
    </ClInclude>
    <ClInclude Include="GridLevel.h">
      <Filter>Objects</Filter>
    </ClInclude>
    <ClInclude Include="ServiceLocator.h">
      <Filter>Observer</Filter>
    </ClInclude>
    <ClInclude Include="Subject.h">
      <Filter>Observer</Filter>
    </ClInclude>
    <ClInclude Include="DebugScene.h">
      <Filter>Scene</Filter>
    </ClInclude>
    <ClInclude Include="DD.h">
      <Filter>Header Files</Filter>
    </ClInclude>
    <ClInclude Include="GridManager.h">
      <Filter>Managers</Filter>
    </ClInclude>
    <ClInclude Include="PengoCharacterComponent.h">
      <Filter>Header Files</Filter>
    </ClInclude>
    <ClInclude Include="VelocityComponent.h">
      <Filter>Header Files</Filter>
    </ClInclude>
    <ClInclude Include="MazeGenerator.h">
      <Filter>Header Files</Filter>
    </ClInclude>
    <ClInclude Include="AIStateComponent.h">
      <Filter>Components</Filter>
    </ClInclude>
    <ClInclude Include="SnoBeeComponent.h">
      <Filter>Header Files</Filter>
    </ClInclude>
    <ClInclude Include="SnoBeeEgg.h">
      <Filter>Header Files</Filter>
    </ClInclude>
    <ClInclude Include="ClassicLevel.h">
      <Filter>Scene</Filter>
    </ClInclude>
    <ClInclude Include="CoopLevel.h">
      <Filter>Header Files</Filter>
    </ClInclude>
    <ClInclude Include="VersusLevel.h">
      <Filter>Scene</Filter>
    </ClInclude>
  </ItemGroup>
  <ItemGroup>
    <ClCompile Include="Log.cpp">
      <Filter>Source Files</Filter>
    </ClCompile>
    <ClCompile Include="Scene.cpp">
      <Filter>Source Files</Filter>
    </ClCompile>
    <ClCompile Include="Font.cpp">
      <Filter>Source Files</Filter>
    </ClCompile>
    <ClCompile Include="BaseComponent.cpp">
      <Filter>Components</Filter>
    </ClCompile>
    <ClCompile Include="FPSComponent.cpp">
      <Filter>Components</Filter>
    </ClCompile>
    <ClCompile Include="TextRendererComponent.cpp">
      <Filter>Components</Filter>
    </ClCompile>
    <ClCompile Include="ResourceManager.cpp">
      <Filter>Managers</Filter>
    </ClCompile>
    <ClCompile Include="SceneManager.cpp">
      <Filter>Managers</Filter>
    </ClCompile>
    <ClCompile Include="InputManager.cpp">
      <Filter>Managers</Filter>
    </ClCompile>
    <ClCompile Include="SpriteComponent.cpp">
      <Filter>Components</Filter>
    </ClCompile>
    <ClCompile Include="InputComponent.cpp">
      <Filter>Components</Filter>
    </ClCompile>
    <ClCompile Include="BaseCharacterComponent.cpp">
      <Filter>Components</Filter>
    </ClCompile>
    <ClCompile Include="GridComponent.cpp">
      <Filter>Components</Filter>
    </ClCompile>
    <ClCompile Include="Minigin.cpp">
      <Filter>Core</Filter>
    </ClCompile>
    <ClCompile Include="MiniginPCH.cpp">
      <Filter>Core</Filter>
    </ClCompile>
    <ClCompile Include="GameObject.cpp">
      <Filter>Objects</Filter>
    </ClCompile>
    <ClCompile Include="GridLevel.cpp">
      <Filter>Objects</Filter>
    </ClCompile>
    <ClCompile Include="TextObject.cpp">
      <Filter>Objects</Filter>
    </ClCompile>
    <ClCompile Include="Main.cpp">
      <Filter>Core</Filter>
    </ClCompile>
    <ClCompile Include="Transform.cpp">
      <Filter>graphics</Filter>
    </ClCompile>
    <ClCompile Include="Texture2D.cpp">
      <Filter>graphics</Filter>
    </ClCompile>
    <ClCompile Include="Sprite.cpp">
      <Filter>graphics</Filter>
    </ClCompile>
    <ClCompile Include="Renderer.cpp">
      <Filter>graphics</Filter>
    </ClCompile>
    <ClCompile Include="LevelObject.cpp">
      <Filter>Objects</Filter>
    </ClCompile>
    <ClCompile Include="CollisionManager.cpp">
      <Filter>Collision</Filter>
    </ClCompile>
    <ClCompile Include="CollisionObject.cpp">
      <Filter>Collision</Filter>
    </ClCompile>
    <ClCompile Include="CollsionBox.cpp">
      <Filter>Collision</Filter>
    </ClCompile>
    <ClCompile Include="CollisionComponent.cpp">
      <Filter>Collision</Filter>
    </ClCompile>
    <ClCompile Include="Observer.cpp">
      <Filter>Observer</Filter>
    </ClCompile>
    <ClCompile Include="ServiceLocator.cpp">
      <Filter>Observer</Filter>
    </ClCompile>
    <ClCompile Include="Subject.cpp">
      <Filter>Observer</Filter>
    </ClCompile>
    <ClCompile Include="DebugScene.cpp">
      <Filter>Scene</Filter>
    </ClCompile>
    <ClCompile Include="DD.cpp">
      <Filter>Source Files</Filter>
    </ClCompile>
    <ClCompile Include="GridManager.cpp">
      <Filter>Managers</Filter>
    </ClCompile>
    <ClCompile Include="PengoCharacterComponent.cpp">
      <Filter>Source Files</Filter>
    </ClCompile>
    <ClCompile Include="VelocityComponent.cpp">
      <Filter>Source Files</Filter>
    </ClCompile>
    <ClCompile Include="MazeGenerator.cpp">
      <Filter>Source Files</Filter>
    </ClCompile>
    <ClCompile Include="AIStateComponent.cpp">
      <Filter>Components</Filter>
    </ClCompile>
    <ClCompile Include="SnoBeeComponent.cpp">
      <Filter>Source Files</Filter>
    </ClCompile>
    <ClCompile Include="SnoBeeEgg.cpp">
      <Filter>Source Files</Filter>
    </ClCompile>
    <ClCompile Include="ClassicLevel.cpp">
      <Filter>Scene</Filter>
    </ClCompile>
    <ClCompile Include="CoopLevel.cpp">
      <Filter>Source Files</Filter>
    </ClCompile>
    <ClCompile Include="VersusLevel.cpp">
      <Filter>Scene</Filter>
    </ClCompile>
  </ItemGroup>
</Project>